
Microsoft Visual Studio Solution File, Format Version 12.00
# Visual Studio Version 17
VisualStudioVersion = 17.11.35017.193
MinimumVisualStudioVersion = 10.0.40219.1
Project("{9A19103F-16F7-4668-BE54-9A1E7A4F7556}") = "MartinAI", "MartinAI.csproj", "{146F0241-D97A-4818-AFD2-13726BA1B708}"
EndProject
Global
	GlobalSection(SolutionConfigurationPlatforms) = preSolution
		Debug|Any CPU = Debug|Any CPU
		Release|Any CPU = Release|Any CPU
	EndGlobalSection
	GlobalSection(ProjectConfigurationPlatforms) = postSolution
		{146F0241-D97A-4818-AFD2-13726BA1B708}.Debug|Any CPU.ActiveCfg = Debug|Any CPU
		{146F0241-D97A-4818-AFD2-13726BA1B708}.Debug|Any CPU.Build.0 = Debug|Any CPU
		{146F0241-D97A-4818-AFD2-13726BA1B708}.Release|Any CPU.ActiveCfg = Release|Any CPU
		{146F0241-D97A-4818-AFD2-13726BA1B708}.Release|Any CPU.Build.0 = Release|Any CPU
	EndGlobalSection
	GlobalSection(SolutionProperties) = preSolution
		HideSolutionNode = FALSE
	EndGlobalSection
	GlobalSection(ExtensibilityGlobals) = postSolution
		SolutionGuid = {BC01656D-A1A1-4B58-A0F2-80A59EFAE44C}
	EndGlobalSection
EndGlobal
